{
  "name": "ts-archi-app",
  "version": "1.0.0",
  "lockfileVersion": 1,
  "requires": true,
  "dependencies": {
    "moment": {
      "version": "2.18.1",
      "resolved": "https://registry.npmjs.org/moment/-/moment-2.18.1.tgz",
      "integrity": "sha1-w2GT3Tzhwu7SrbfIAtu8d6gbHA8="
    },
    "moment-timezone": {
      "version": "0.5.13",
      "resolved": "https://registry.npmjs.org/moment-timezone/-/moment-timezone-0.5.13.tgz",
      "integrity": "sha1-mc5cfYJyYusPH3AgRBd/YHRde5A=",
      "requires": {
        "moment": "2.18.1"
      }
    },
    "moment-timezone-with-data-2010-2020": {
      "version": "0.4.0",
      "resolved": "https://registry.npmjs.org/moment-timezone-with-data-2010-2020/-/moment-timezone-with-data-2010-2020-0.4.0.tgz",
      "integrity": "sha1-VyfuRGuqdQnJUqi6lLr6ahaUAuA="
    },
    "moment-with-locales-es6": {
      "version": "2.18.1",
      "resolved": "https://registry.npmjs.org/moment-with-locales-es6/-/moment-with-locales-es6-2.18.1.tgz",
      "integrity": "sha1-0QXw8j+A2Xm5I5mEGJt8+0v9my0=",
      "requires": {
        "moment": "2.18.1"
      }
    }
  }
}
